
Microsoft Visual Studio Solution File, Format Version 12.00
# Visual Studio Version 16
VisualStudioVersion = 16.0.29613.14
MinimumVisualStudioVersion = 10.0.40219.1
Project("{FAE04EC0-301F-11D3-BF4B-00C04F79EFBC}") = "BeanieService", "BeanieService\BeanieService.csproj", "{664A8845-3465-48A9-B0C5-67A6BF999AA9}"
EndProject
Global
	GlobalSection(SolutionConfigurationPlatforms) = preSolution
		Debug|Any CPU = Debug|Any CPU
		Release|Any CPU = Release|Any CPU
	EndGlobalSection
	GlobalSection(ProjectConfigurationPlatforms) = postSolution
		{664A8845-3465-48A9-B0C5-67A6BF999AA9}.Debug|Any CPU.ActiveCfg = Debug|Any CPU
		{664A8845-3465-48A9-B0C5-67A6BF999AA9}.Debug|Any CPU.Build.0 = Debug|Any CPU
		{664A8845-3465-48A9-B0C5-67A6BF999AA9}.Release|Any CPU.ActiveCfg = Release|Any CPU
		{664A8845-3465-48A9-B0C5-67A6BF999AA9}.Release|Any CPU.Build.0 = Release|Any CPU
	EndGlobalSection
	GlobalSection(SolutionProperties) = preSolution
		HideSolutionNode = FALSE
	EndGlobalSection
	GlobalSection(ExtensibilityGlobals) = postSolution
		SolutionGuid = {6D9D9F3A-A698-4B43-AEBF-0A6EC82221FA}
	EndGlobalSection
EndGlobal
